
Microsoft Visual Studio Solution File, Format Version 12.00
# Visual Studio Version 17
VisualStudioVersion = 17.4.33213.308
MinimumVisualStudioVersion = 10.0.40219.1
Project("{FAE04EC0-301F-11D3-BF4B-00C04F79EFBC}") = "03.02.2023", "03.02.2023\03.02.2023.csproj", "{E958E250-472D-4AA7-AA72-6E84917F3BFF}"
EndProject
Global
	GlobalSection(SolutionConfigurationPlatforms) = preSolution
		Debug|Any CPU = Debug|Any CPU
		Release|Any CPU = Release|Any CPU
	EndGlobalSection
	GlobalSection(ProjectConfigurationPlatforms) = postSolution
		{E958E250-472D-4AA7-AA72-6E84917F3BFF}.Debug|Any CPU.ActiveCfg = Debug|Any CPU
		{E958E250-472D-4AA7-AA72-6E84917F3BFF}.Debug|Any CPU.Build.0 = Debug|Any CPU
		{E958E250-472D-4AA7-AA72-6E84917F3BFF}.Release|Any CPU.ActiveCfg = Release|Any CPU
		{E958E250-472D-4AA7-AA72-6E84917F3BFF}.Release|Any CPU.Build.0 = Release|Any CPU
	EndGlobalSection
	GlobalSection(SolutionProperties) = preSolution
		HideSolutionNode = FALSE
	EndGlobalSection
	GlobalSection(ExtensibilityGlobals) = postSolution
		SolutionGuid = {99EF5424-445A-48A8-8831-557B343ADA4C}
	EndGlobalSection
EndGlobal
